
Microsoft Visual Studio Solution File, Format Version 12.00
# Visual Studio 15
VisualStudioVersion = 15.0.27130.2024
MinimumVisualStudioVersion = 10.0.40219.1
Project("{FAE04EC0-301F-11D3-BF4B-00C04F79EFBC}") = "PAP", "PAP\PAP.csproj", "{06AE204A-B26A-47A5-9FD7-A5739F7CDDD6}"
EndProject
Global
	GlobalSection(SolutionConfigurationPlatforms) = preSolution
		Debug|Any CPU = Debug|Any CPU
		Release|Any CPU = Release|Any CPU
	EndGlobalSection
	GlobalSection(ProjectConfigurationPlatforms) = postSolution
		{06AE204A-B26A-47A5-9FD7-A5739F7CDDD6}.Debug|Any CPU.ActiveCfg = Debug|Any CPU
		{06AE204A-B26A-47A5-9FD7-A5739F7CDDD6}.Debug|Any CPU.Build.0 = Debug|Any CPU
		{06AE204A-B26A-47A5-9FD7-A5739F7CDDD6}.Release|Any CPU.ActiveCfg = Release|Any CPU
		{06AE204A-B26A-47A5-9FD7-A5739F7CDDD6}.Release|Any CPU.Build.0 = Release|Any CPU
	EndGlobalSection
	GlobalSection(SolutionProperties) = preSolution
		HideSolutionNode = FALSE
	EndGlobalSection
	GlobalSection(ExtensibilityGlobals) = postSolution
		SolutionGuid = {7507697B-5382-4495-AF8C-AD3D5D3E9742}
	EndGlobalSection
EndGlobal
